
Microsoft Visual Studio Solution File, Format Version 12.00
# Visual Studio 14
VisualStudioVersion = 14.0.25420.1
MinimumVisualStudioVersion = 10.0.40219.1
Project("{8BC9CEB8-8B4A-11D0-8D11-00A0C91BC942}") = "addweightapp", "addweightapp\addweightapp.vcxproj", "{682C79FD-AFE1-416F-B233-F7BE49FA18FA}"
EndProject
Project("{ACA99D24-2A4B-4C16-9E92-13D6ABC4AC35}") = "barWeightApp", "..\barWeightApp.isproj", "{FC80BFD3-44AB-4595-9C99-DC7816F844E3}"
EndProject
Global
	GlobalSection(SolutionConfigurationPlatforms) = preSolution
		CD_ROM|x64 = CD_ROM|x64
		CD_ROM|x86 = CD_ROM|x86
		Custom|x64 = Custom|x64
		Custom|x86 = Custom|x86
		Debug|x64 = Debug|x64
		Debug|x86 = Debug|x86
		DVD-10|x64 = DVD-10|x64
		DVD-10|x86 = DVD-10|x86
		DVD-18|x64 = DVD-18|x64
		DVD-18|x86 = DVD-18|x86
		DVD-5|x64 = DVD-5|x64
		DVD-5|x86 = DVD-5|x86
		DVD-9|x64 = DVD-9|x64
		DVD-9|x86 = DVD-9|x86
		Release|x64 = Release|x64
		Release|x86 = Release|x86
		SingleImage|x64 = SingleImage|x64
		SingleImage|x86 = SingleImage|x86
		WebDeployment|x64 = WebDeployment|x64
		WebDeployment|x86 = WebDeployment|x86
	EndGlobalSection
	GlobalSection(ProjectConfigurationPlatforms) = postSolution
		{682C79FD-AFE1-416F-B233-F7BE49FA18FA}.CD_ROM|x64.ActiveCfg = Release|x64
		{682C79FD-AFE1-416F-B233-F7BE49FA18FA}.CD_ROM|x64.Build.0 = Release|x64
		{682C79FD-AFE1-416F-B233-F7BE49FA18FA}.CD_ROM|x86.ActiveCfg = Release|Win32
		{682C79FD-AFE1-416F-B233-F7BE49FA18FA}.CD_ROM|x86.Build.0 = Release|Win32
		{682C79FD-AFE1-416F-B233-F7BE49FA18FA}.Custom|x64.ActiveCfg = Release|x64
		{682C79FD-AFE1-416F-B233-F7BE49FA18FA}.Custom|x64.Build.0 = Release|x64
		{682C79FD-AFE1-416F-B233-F7BE49FA18FA}.Custom|x86.ActiveCfg = Release|Win32
		{682C79FD-AFE1-416F-B233-F7BE49FA18FA}.Custom|x86.Build.0 = Release|Win32
		{682C79FD-AFE1-416F-B233-F7BE49FA18FA}.Debug|x64.ActiveCfg = Debug|x64
		{682C79FD-AFE1-416F-B233-F7BE49FA18FA}.Debug|x64.Build.0 = Debug|x64
		{682C79FD-AFE1-416F-B233-F7BE49FA18FA}.Debug|x86.ActiveCfg = Debug|Win32
		{682C79FD-AFE1-416F-B233-F7BE49FA18FA}.Debug|x86.Build.0 = Debug|Win32
		{682C79FD-AFE1-416F-B233-F7BE49FA18FA}.DVD-10|x64.ActiveCfg = Debug|x64
		{682C79FD-AFE1-416F-B233-F7BE49FA18FA}.DVD-10|x64.Build.0 = Debug|x64
		{682C79FD-AFE1-416F-B233-F7BE49FA18FA}.DVD-10|x86.ActiveCfg = Debug|Win32
		{682C79FD-AFE1-416F-B233-F7BE49FA18FA}.DVD-10|x86.Build.0 = Debug|Win32
		{682C79FD-AFE1-416F-B233-F7BE49FA18FA}.DVD-18|x64.ActiveCfg = Debug|x64
		{682C79FD-AFE1-416F-B233-F7BE49FA18FA}.DVD-18|x64.Build.0 = Debug|x64
		{682C79FD-AFE1-416F-B233-F7BE49FA18FA}.DVD-18|x86.ActiveCfg = Debug|Win32
		{682C79FD-AFE1-416F-B233-F7BE49FA18FA}.DVD-18|x86.Build.0 = Debug|Win32
		{682C79FD-AFE1-416F-B233-F7BE49FA18FA}.DVD-5|x64.ActiveCfg = Debug|x64
		{682C79FD-AFE1-416F-B233-F7BE49FA18FA}.DVD-5|x64.Build.0 = Debug|x64
		{682C79FD-AFE1-416F-B233-F7BE49FA18FA}.DVD-5|x86.ActiveCfg = Debug|Win32
		{682C79FD-AFE1-416F-B233-F7BE49FA18FA}.DVD-5|x86.Build.0 = Debug|Win32
		{682C79FD-AFE1-416F-B233-F7BE49FA18FA}.DVD-9|x64.ActiveCfg = Debug|x64
		{682C79FD-AFE1-416F-B233-F7BE49FA18FA}.DVD-9|x64.Build.0 = Debug|x64
		{682C79FD-AFE1-416F-B233-F7BE49FA18FA}.DVD-9|x86.ActiveCfg = Debug|Win32
		{682C79FD-AFE1-416F-B233-F7BE49FA18FA}.DVD-9|x86.Build.0 = Debug|Win32
		{682C79FD-AFE1-416F-B233-F7BE49FA18FA}.Release|x64.ActiveCfg = Release|x64
		{682C79FD-AFE1-416F-B233-F7BE49FA18FA}.Release|x64.Build.0 = Release|x64
		{682C79FD-AFE1-416F-B233-F7BE49FA18FA}.Release|x86.ActiveCfg = Release|Win32
		{682C79FD-AFE1-416F-B233-F7BE49FA18FA}.Release|x86.Build.0 = Release|Win32
		{682C79FD-AFE1-416F-B233-F7BE49FA18FA}.SingleImage|x64.ActiveCfg = Release|x64
		{682C79FD-AFE1-416F-B233-F7BE49FA18FA}.SingleImage|x64.Build.0 = Release|x64
		{682C79FD-AFE1-416F-B233-F7BE49FA18FA}.SingleImage|x86.ActiveCfg = Release|Win32
		{682C79FD-AFE1-416F-B233-F7BE49FA18FA}.SingleImage|x86.Build.0 = Release|Win32
		{682C79FD-AFE1-416F-B233-F7BE49FA18FA}.WebDeployment|x64.ActiveCfg = Release|x64
		{682C79FD-AFE1-416F-B233-F7BE49FA18FA}.WebDeployment|x64.Build.0 = Release|x64
		{682C79FD-AFE1-416F-B233-F7BE49FA18FA}.WebDeployment|x86.ActiveCfg = Release|Win32
		{682C79FD-AFE1-416F-B233-F7BE49FA18FA}.WebDeployment|x86.Build.0 = Release|Win32
		{FC80BFD3-44AB-4595-9C99-DC7816F844E3}.CD_ROM|x64.ActiveCfg = CD_ROM
		{FC80BFD3-44AB-4595-9C99-DC7816F844E3}.CD_ROM|x64.Build.0 = CD_ROM
		{FC80BFD3-44AB-4595-9C99-DC7816F844E3}.CD_ROM|x86.ActiveCfg = CD_ROM
		{FC80BFD3-44AB-4595-9C99-DC7816F844E3}.CD_ROM|x86.Build.0 = CD_ROM
		{FC80BFD3-44AB-4595-9C99-DC7816F844E3}.Custom|x64.ActiveCfg = Custom
		{FC80BFD3-44AB-4595-9C99-DC7816F844E3}.Custom|x64.Build.0 = Custom
		{FC80BFD3-44AB-4595-9C99-DC7816F844E3}.Custom|x86.ActiveCfg = Custom
		{FC80BFD3-44AB-4595-9C99-DC7816F844E3}.Custom|x86.Build.0 = Custom
		{FC80BFD3-44AB-4595-9C99-DC7816F844E3}.Debug|x64.ActiveCfg = DVD-9
		{FC80BFD3-44AB-4595-9C99-DC7816F844E3}.Debug|x64.Build.0 = DVD-9
		{FC80BFD3-44AB-4595-9C99-DC7816F844E3}.Debug|x86.ActiveCfg = DVD-9
		{FC80BFD3-44AB-4595-9C99-DC7816F844E3}.Debug|x86.Build.0 = DVD-9
		{FC80BFD3-44AB-4595-9C99-DC7816F844E3}.DVD-10|x64.ActiveCfg = DVD-10
		{FC80BFD3-44AB-4595-9C99-DC7816F844E3}.DVD-10|x64.Build.0 = DVD-10
		{FC80BFD3-44AB-4595-9C99-DC7816F844E3}.DVD-10|x86.ActiveCfg = DVD-10
		{FC80BFD3-44AB-4595-9C99-DC7816F844E3}.DVD-10|x86.Build.0 = DVD-10
		{FC80BFD3-44AB-4595-9C99-DC7816F844E3}.DVD-18|x64.ActiveCfg = DVD-18
		{FC80BFD3-44AB-4595-9C99-DC7816F844E3}.DVD-18|x64.Build.0 = DVD-18
		{FC80BFD3-44AB-4595-9C99-DC7816F844E3}.DVD-18|x86.ActiveCfg = DVD-18
		{FC80BFD3-44AB-4595-9C99-DC7816F844E3}.DVD-18|x86.Build.0 = DVD-18
		{FC80BFD3-44AB-4595-9C99-DC7816F844E3}.DVD-5|x64.ActiveCfg = DVD-5
		{FC80BFD3-44AB-4595-9C99-DC7816F844E3}.DVD-5|x64.Build.0 = DVD-5
		{FC80BFD3-44AB-4595-9C99-DC7816F844E3}.DVD-5|x86.ActiveCfg = DVD-5
		{FC80BFD3-44AB-4595-9C99-DC7816F844E3}.DVD-5|x86.Build.0 = DVD-5
		{FC80BFD3-44AB-4595-9C99-DC7816F844E3}.DVD-9|x64.ActiveCfg = DVD-9
		{FC80BFD3-44AB-4595-9C99-DC7816F844E3}.DVD-9|x64.Build.0 = DVD-9
		{FC80BFD3-44AB-4595-9C99-DC7816F844E3}.DVD-9|x86.ActiveCfg = DVD-9
		{FC80BFD3-44AB-4595-9C99-DC7816F844E3}.DVD-9|x86.Build.0 = DVD-9
		{FC80BFD3-44AB-4595-9C99-DC7816F844E3}.Release|x64.ActiveCfg = WebDeployment
		{FC80BFD3-44AB-4595-9C99-DC7816F844E3}.Release|x64.Build.0 = WebDeployment
		{FC80BFD3-44AB-4595-9C99-DC7816F844E3}.Release|x86.ActiveCfg = WebDeployment
		{FC80BFD3-44AB-4595-9C99-DC7816F844E3}.Release|x86.Build.0 = WebDeployment
		{FC80BFD3-44AB-4595-9C99-DC7816F844E3}.SingleImage|x64.ActiveCfg = SingleImage
		{FC80BFD3-44AB-4595-9C99-DC7816F844E3}.SingleImage|x64.Build.0 = SingleImage
		{FC80BFD3-44AB-4595-9C99-DC7816F844E3}.SingleImage|x86.ActiveCfg = SingleImage
		{FC80BFD3-44AB-4595-9C99-DC7816F844E3}.SingleImage|x86.Build.0 = SingleImage
		{FC80BFD3-44AB-4595-9C99-DC7816F844E3}.WebDeployment|x64.ActiveCfg = WebDeployment
		{FC80BFD3-44AB-4595-9C99-DC7816F844E3}.WebDeployment|x64.Build.0 = WebDeployment
		{FC80BFD3-44AB-4595-9C99-DC7816F844E3}.WebDeployment|x86.ActiveCfg = WebDeployment
		{FC80BFD3-44AB-4595-9C99-DC7816F844E3}.WebDeployment|x86.Build.0 = WebDeployment
	EndGlobalSection
	GlobalSection(SolutionProperties) = preSolution
		HideSolutionNode = FALSE
	EndGlobalSection
EndGlobal
